{
  "name": "@romajs-demos/node-graylog2",
  "version": "1.0.0",
  "lockfileVersion": 1,
  "requires": true,
  "dependencies": {
    "graylog2": {
      "version": "0.2.1",
      "resolved": "https://registry.npmjs.org/graylog2/-/graylog2-0.2.1.tgz",
      "integrity": "sha512-vjysakwOhrAqMeIvSK0WZcmzKvkpxY6pCfT9QqtdSVAidPFIynuin7adqbdFp9MCCTbTE402WIxvg8cph5OWTA=="
    }
  }
}
